
Microsoft Visual Studio Solution File, Format Version 12.00
# Visual Studio Version 17
VisualStudioVersion = 17.0.32112.339
MinimumVisualStudioVersion = 10.0.40219.1
Project("{FAE04EC0-301F-11D3-BF4B-00C04F79EFBC}") = "favoriteApp.Android", "favoriteApp\favoriteApp.Android\favoriteApp.Android.csproj", "{C5FE0979-36DE-4E18-8DEF-9DDE80206061}"
EndProject
Project("{FAE04EC0-301F-11D3-BF4B-00C04F79EFBC}") = "favoriteApp.iOS", "favoriteApp\favoriteApp.iOS\favoriteApp.iOS.csproj", "{7DCD89D2-7620-4A33-BCA1-9B953E5D732F}"
EndProject
Project("{FAE04EC0-301F-11D3-BF4B-00C04F79EFBC}") = "favoriteApp", "favoriteApp\favoriteApp\favoriteApp.csproj", "{9BC93598-17C1-4589-ADD3-BB7BE6D2FE83}"
EndProject
Global
	GlobalSection(SolutionConfigurationPlatforms) = preSolution
		Debug|Any CPU = Debug|Any CPU
		Debug|iPhone = Debug|iPhone
		Debug|iPhoneSimulator = Debug|iPhoneSimulator
		Release|Any CPU = Release|Any CPU
		Release|iPhone = Release|iPhone
		Release|iPhoneSimulator = Release|iPhoneSimulator
	EndGlobalSection
	GlobalSection(ProjectConfigurationPlatforms) = postSolution
		{C5FE0979-36DE-4E18-8DEF-9DDE80206061}.Debug|Any CPU.ActiveCfg = Debug|Any CPU
		{C5FE0979-36DE-4E18-8DEF-9DDE80206061}.Debug|Any CPU.Build.0 = Debug|Any CPU
		{C5FE0979-36DE-4E18-8DEF-9DDE80206061}.Debug|Any CPU.Deploy.0 = Debug|Any CPU
		{C5FE0979-36DE-4E18-8DEF-9DDE80206061}.Debug|iPhone.ActiveCfg = Debug|Any CPU
		{C5FE0979-36DE-4E18-8DEF-9DDE80206061}.Debug|iPhone.Build.0 = Debug|Any CPU
		{C5FE0979-36DE-4E18-8DEF-9DDE80206061}.Debug|iPhone.Deploy.0 = Debug|Any CPU
		{C5FE0979-36DE-4E18-8DEF-9DDE80206061}.Debug|iPhoneSimulator.ActiveCfg = Debug|Any CPU
		{C5FE0979-36DE-4E18-8DEF-9DDE80206061}.Debug|iPhoneSimulator.Build.0 = Debug|Any CPU
		{C5FE0979-36DE-4E18-8DEF-9DDE80206061}.Debug|iPhoneSimulator.Deploy.0 = Debug|Any CPU
		{C5FE0979-36DE-4E18-8DEF-9DDE80206061}.Release|Any CPU.ActiveCfg = Release|Any CPU
		{C5FE0979-36DE-4E18-8DEF-9DDE80206061}.Release|Any CPU.Build.0 = Release|Any CPU
		{C5FE0979-36DE-4E18-8DEF-9DDE80206061}.Release|Any CPU.Deploy.0 = Release|Any CPU
		{C5FE0979-36DE-4E18-8DEF-9DDE80206061}.Release|iPhone.ActiveCfg = Release|Any CPU
		{C5FE0979-36DE-4E18-8DEF-9DDE80206061}.Release|iPhone.Build.0 = Release|Any CPU
		{C5FE0979-36DE-4E18-8DEF-9DDE80206061}.Release|iPhone.Deploy.0 = Release|Any CPU
		{C5FE0979-36DE-4E18-8DEF-9DDE80206061}.Release|iPhoneSimulator.ActiveCfg = Release|Any CPU
		{C5FE0979-36DE-4E18-8DEF-9DDE80206061}.Release|iPhoneSimulator.Build.0 = Release|Any CPU
		{C5FE0979-36DE-4E18-8DEF-9DDE80206061}.Release|iPhoneSimulator.Deploy.0 = Release|Any CPU
		{7DCD89D2-7620-4A33-BCA1-9B953E5D732F}.Debug|Any CPU.ActiveCfg = Debug|iPhone
		{7DCD89D2-7620-4A33-BCA1-9B953E5D732F}.Debug|Any CPU.Build.0 = Debug|iPhone
		{7DCD89D2-7620-4A33-BCA1-9B953E5D732F}.Debug|Any CPU.Deploy.0 = Debug|iPhone
		{7DCD89D2-7620-4A33-BCA1-9B953E5D732F}.Debug|iPhone.ActiveCfg = Debug|iPhone
		{7DCD89D2-7620-4A33-BCA1-9B953E5D732F}.Debug|iPhone.Build.0 = Debug|iPhone
		{7DCD89D2-7620-4A33-BCA1-9B953E5D732F}.Debug|iPhone.Deploy.0 = Debug|iPhone
		{7DCD89D2-7620-4A33-BCA1-9B953E5D732F}.Debug|iPhoneSimulator.ActiveCfg = Debug|iPhoneSimulator
		{7DCD89D2-7620-4A33-BCA1-9B953E5D732F}.Debug|iPhoneSimulator.Build.0 = Debug|iPhoneSimulator
		{7DCD89D2-7620-4A33-BCA1-9B953E5D732F}.Debug|iPhoneSimulator.Deploy.0 = Debug|iPhoneSimulator
		{7DCD89D2-7620-4A33-BCA1-9B953E5D732F}.Release|Any CPU.ActiveCfg = Release|iPhoneSimulator
		{7DCD89D2-7620-4A33-BCA1-9B953E5D732F}.Release|Any CPU.Build.0 = Release|iPhoneSimulator
		{7DCD89D2-7620-4A33-BCA1-9B953E5D732F}.Release|Any CPU.Deploy.0 = Release|iPhoneSimulator
		{7DCD89D2-7620-4A33-BCA1-9B953E5D732F}.Release|iPhone.ActiveCfg = Release|iPhone
		{7DCD89D2-7620-4A33-BCA1-9B953E5D732F}.Release|iPhone.Build.0 = Release|iPhone
		{7DCD89D2-7620-4A33-BCA1-9B953E5D732F}.Release|iPhone.Deploy.0 = Release|iPhone
		{7DCD89D2-7620-4A33-BCA1-9B953E5D732F}.Release|iPhoneSimulator.ActiveCfg = Release|iPhoneSimulator
		{7DCD89D2-7620-4A33-BCA1-9B953E5D732F}.Release|iPhoneSimulator.Build.0 = Release|iPhoneSimulator
		{7DCD89D2-7620-4A33-BCA1-9B953E5D732F}.Release|iPhoneSimulator.Deploy.0 = Release|iPhoneSimulator
		{9BC93598-17C1-4589-ADD3-BB7BE6D2FE83}.Debug|Any CPU.ActiveCfg = Debug|Any CPU
		{9BC93598-17C1-4589-ADD3-BB7BE6D2FE83}.Debug|Any CPU.Build.0 = Debug|Any CPU
		{9BC93598-17C1-4589-ADD3-BB7BE6D2FE83}.Debug|Any CPU.Deploy.0 = Debug|Any CPU
		{9BC93598-17C1-4589-ADD3-BB7BE6D2FE83}.Debug|iPhone.ActiveCfg = Debug|Any CPU
		{9BC93598-17C1-4589-ADD3-BB7BE6D2FE83}.Debug|iPhone.Build.0 = Debug|Any CPU
		{9BC93598-17C1-4589-ADD3-BB7BE6D2FE83}.Debug|iPhone.Deploy.0 = Debug|Any CPU
		{9BC93598-17C1-4589-ADD3-BB7BE6D2FE83}.Debug|iPhoneSimulator.ActiveCfg = Debug|Any CPU
		{9BC93598-17C1-4589-ADD3-BB7BE6D2FE83}.Debug|iPhoneSimulator.Build.0 = Debug|Any CPU
		{9BC93598-17C1-4589-ADD3-BB7BE6D2FE83}.Debug|iPhoneSimulator.Deploy.0 = Debug|Any CPU
		{9BC93598-17C1-4589-ADD3-BB7BE6D2FE83}.Release|Any CPU.ActiveCfg = Release|Any CPU
		{9BC93598-17C1-4589-ADD3-BB7BE6D2FE83}.Release|Any CPU.Build.0 = Release|Any CPU
		{9BC93598-17C1-4589-ADD3-BB7BE6D2FE83}.Release|Any CPU.Deploy.0 = Release|Any CPU
		{9BC93598-17C1-4589-ADD3-BB7BE6D2FE83}.Release|iPhone.ActiveCfg = Release|Any CPU
		{9BC93598-17C1-4589-ADD3-BB7BE6D2FE83}.Release|iPhone.Build.0 = Release|Any CPU
		{9BC93598-17C1-4589-ADD3-BB7BE6D2FE83}.Release|iPhone.Deploy.0 = Release|Any CPU
		{9BC93598-17C1-4589-ADD3-BB7BE6D2FE83}.Release|iPhoneSimulator.ActiveCfg = Release|Any CPU
		{9BC93598-17C1-4589-ADD3-BB7BE6D2FE83}.Release|iPhoneSimulator.Build.0 = Release|Any CPU
		{9BC93598-17C1-4589-ADD3-BB7BE6D2FE83}.Release|iPhoneSimulator.Deploy.0 = Release|Any CPU
	EndGlobalSection
	GlobalSection(SolutionProperties) = preSolution
		HideSolutionNode = FALSE
	EndGlobalSection
	GlobalSection(ExtensibilityGlobals) = postSolution
		SolutionGuid = {EE5FFE41-A5DF-4DA3-95D7-9E15F9E008F2}
	EndGlobalSection
EndGlobal
